
Microsoft Visual Studio Solution File, Format Version 12.00
# Visual Studio Version 16
VisualStudioVersion = 16.0.28803.202
MinimumVisualStudioVersion = 10.0.40219.1
Project("{FAE04EC0-301F-11D3-BF4B-00C04F79EFBC}") = "AplicacionCI2", "AplicacionCI2\AplicacionCI2.csproj", "{FDB7F3A0-7C95-4265-B68C-D42C55FD318C}"
EndProject
Global
	GlobalSection(SolutionConfigurationPlatforms) = preSolution
		Debug|Any CPU = Debug|Any CPU
		Release|Any CPU = Release|Any CPU
	EndGlobalSection
	GlobalSection(ProjectConfigurationPlatforms) = postSolution
		{FDB7F3A0-7C95-4265-B68C-D42C55FD318C}.Debug|Any CPU.ActiveCfg = Debug|Any CPU
		{FDB7F3A0-7C95-4265-B68C-D42C55FD318C}.Debug|Any CPU.Build.0 = Debug|Any CPU
		{FDB7F3A0-7C95-4265-B68C-D42C55FD318C}.Release|Any CPU.ActiveCfg = Release|Any CPU
		{FDB7F3A0-7C95-4265-B68C-D42C55FD318C}.Release|Any CPU.Build.0 = Release|Any CPU
	EndGlobalSection
	GlobalSection(SolutionProperties) = preSolution
		HideSolutionNode = FALSE
	EndGlobalSection
	GlobalSection(ExtensibilityGlobals) = postSolution
		SolutionGuid = {4FA79845-F2B6-437B-A11D-1943A469AE49}
	EndGlobalSection
EndGlobal
